
Microsoft Visual Studio Solution File, Format Version 12.00
# Visual Studio Version 17
VisualStudioVersion = 17.0.31903.59
MinimumVisualStudioVersion = 10.0.40219.1
Project("{2150E333-8FDC-42A3-9474-1A3956D46DE8}") = "src", "src", "{827E0CD3-B72D-47B6-A68D-7590B98EB39B}"
EndProject
Project("{FAE04EC0-301F-11D3-BF4B-00C04F79EFBC}") = "EasyHttpServer.Core", "src\EasyHttpServer.Core\EasyHttpServer.Core.csproj", "{B8DF59FE-1BD7-4C26-96B6-DF8C2EE36B20}"
EndProject
Project("{FAE04EC0-301F-11D3-BF4B-00C04F79EFBC}") = "EasyHttpServer.Server", "src\EasyHttpServer.Server\EasyHttpServer.Server.csproj", "{8FC887D0-2BE3-4CF3-AB6B-F846D20ED3E9}"
EndProject
Project("{FAE04EC0-301F-11D3-BF4B-00C04F79EFBC}") = "EasyHttpServer.Desktop.Wpf", "src\EasyHttpServer.Desktop.Wpf\EasyHttpServer.Desktop.Wpf.csproj", "{5E24062F-E804-4339-A05B-4CD8E46293D9}"
EndProject
Project("{2150E333-8FDC-42A3-9474-1A3956D46DE8}") = "tests", "tests", "{0AB3BF05-4346-4AA6-1389-037BE0695223}"
EndProject
Project("{FAE04EC0-301F-11D3-BF4B-00C04F79EFBC}") = "EasyHttpServer.Core.Tests", "tests\EasyHttpServer.Core.Tests\EasyHttpServer.Core.Tests.csproj", "{8945F4FA-DDC7-44C2-A726-D9186C8C9C81}"
EndProject
Project("{FAE04EC0-301F-11D3-BF4B-00C04F79EFBC}") = "EasyHttpServer.Server.Tests", "tests\EasyHttpServer.Server.Tests\EasyHttpServer.Server.Tests.csproj", "{E65D38DB-1FC5-4508-8CDB-F088120D3596}"
EndProject
Project("{FAE04EC0-301F-11D3-BF4B-00C04F79EFBC}") = "EasyHttpServer.IntegrationTests", "tests\EasyHttpServer.IntegrationTests\EasyHttpServer.IntegrationTests.csproj", "{082DDDEA-CF3D-4130-906D-B76241E27630}"
EndProject
Project("{FAE04EC0-301F-11D3-BF4B-00C04F79EFBC}") = "EasyHttpServer.Desktop.Wpf.Tests", "tests\EasyHttpServer.Desktop.Wpf.Tests\EasyHttpServer.Desktop.Wpf.Tests.csproj", "{C08F92CE-73CB-4E27-82F7-1A1CFAD42D3C}"
EndProject
Global
	GlobalSection(SolutionConfigurationPlatforms) = preSolution
		Debug|Any CPU = Debug|Any CPU
		Debug|x64 = Debug|x64
		Debug|x86 = Debug|x86
		Release|Any CPU = Release|Any CPU
		Release|x64 = Release|x64
		Release|x86 = Release|x86
	EndGlobalSection
	GlobalSection(ProjectConfigurationPlatforms) = postSolution
		{B8DF59FE-1BD7-4C26-96B6-DF8C2EE36B20}.Debug|Any CPU.ActiveCfg = Debug|Any CPU
		{B8DF59FE-1BD7-4C26-96B6-DF8C2EE36B20}.Debug|Any CPU.Build.0 = Debug|Any CPU
		{B8DF59FE-1BD7-4C26-96B6-DF8C2EE36B20}.Debug|x64.ActiveCfg = Debug|Any CPU
		{B8DF59FE-1BD7-4C26-96B6-DF8C2EE36B20}.Debug|x64.Build.0 = Debug|Any CPU
		{B8DF59FE-1BD7-4C26-96B6-DF8C2EE36B20}.Debug|x86.ActiveCfg = Debug|Any CPU
		{B8DF59FE-1BD7-4C26-96B6-DF8C2EE36B20}.Debug|x86.Build.0 = Debug|Any CPU
		{B8DF59FE-1BD7-4C26-96B6-DF8C2EE36B20}.Release|Any CPU.ActiveCfg = Release|Any CPU
		{B8DF59FE-1BD7-4C26-96B6-DF8C2EE36B20}.Release|Any CPU.Build.0 = Release|Any CPU
		{B8DF59FE-1BD7-4C26-96B6-DF8C2EE36B20}.Release|x64.ActiveCfg = Release|Any CPU
		{B8DF59FE-1BD7-4C26-96B6-DF8C2EE36B20}.Release|x64.Build.0 = Release|Any CPU
		{B8DF59FE-1BD7-4C26-96B6-DF8C2EE36B20}.Release|x86.ActiveCfg = Release|Any CPU
		{B8DF59FE-1BD7-4C26-96B6-DF8C2EE36B20}.Release|x86.Build.0 = Release|Any CPU
		{8FC887D0-2BE3-4CF3-AB6B-F846D20ED3E9}.Debug|Any CPU.ActiveCfg = Debug|Any CPU
		{8FC887D0-2BE3-4CF3-AB6B-F846D20ED3E9}.Debug|Any CPU.Build.0 = Debug|Any CPU
		{8FC887D0-2BE3-4CF3-AB6B-F846D20ED3E9}.Debug|x64.ActiveCfg = Debug|Any CPU
		{8FC887D0-2BE3-4CF3-AB6B-F846D20ED3E9}.Debug|x64.Build.0 = Debug|Any CPU
		{8FC887D0-2BE3-4CF3-AB6B-F846D20ED3E9}.Debug|x86.ActiveCfg = Debug|Any CPU
		{8FC887D0-2BE3-4CF3-AB6B-F846D20ED3E9}.Debug|x86.Build.0 = Debug|Any CPU
		{8FC887D0-2BE3-4CF3-AB6B-F846D20ED3E9}.Release|Any CPU.ActiveCfg = Release|Any CPU
		{8FC887D0-2BE3-4CF3-AB6B-F846D20ED3E9}.Release|Any CPU.Build.0 = Release|Any CPU
		{8FC887D0-2BE3-4CF3-AB6B-F846D20ED3E9}.Release|x64.ActiveCfg = Release|Any CPU
		{8FC887D0-2BE3-4CF3-AB6B-F846D20ED3E9}.Release|x64.Build.0 = Release|Any CPU
		{8FC887D0-2BE3-4CF3-AB6B-F846D20ED3E9}.Release|x86.ActiveCfg = Release|Any CPU
		{8FC887D0-2BE3-4CF3-AB6B-F846D20ED3E9}.Release|x86.Build.0 = Release|Any CPU
		{5E24062F-E804-4339-A05B-4CD8E46293D9}.Debug|Any CPU.ActiveCfg = Debug|Any CPU
		{5E24062F-E804-4339-A05B-4CD8E46293D9}.Debug|Any CPU.Build.0 = Debug|Any CPU
		{5E24062F-E804-4339-A05B-4CD8E46293D9}.Debug|x64.ActiveCfg = Debug|Any CPU
		{5E24062F-E804-4339-A05B-4CD8E46293D9}.Debug|x64.Build.0 = Debug|Any CPU
		{5E24062F-E804-4339-A05B-4CD8E46293D9}.Debug|x86.ActiveCfg = Debug|Any CPU
		{5E24062F-E804-4339-A05B-4CD8E46293D9}.Debug|x86.Build.0 = Debug|Any CPU
		{5E24062F-E804-4339-A05B-4CD8E46293D9}.Release|Any CPU.ActiveCfg = Release|Any CPU
		{5E24062F-E804-4339-A05B-4CD8E46293D9}.Release|Any CPU.Build.0 = Release|Any CPU
		{5E24062F-E804-4339-A05B-4CD8E46293D9}.Release|x64.ActiveCfg = Release|Any CPU
		{5E24062F-E804-4339-A05B-4CD8E46293D9}.Release|x64.Build.0 = Release|Any CPU
		{5E24062F-E804-4339-A05B-4CD8E46293D9}.Release|x86.ActiveCfg = Release|Any CPU
		{5E24062F-E804-4339-A05B-4CD8E46293D9}.Release|x86.Build.0 = Release|Any CPU
		{8945F4FA-DDC7-44C2-A726-D9186C8C9C81}.Debug|Any CPU.ActiveCfg = Debug|Any CPU
		{8945F4FA-DDC7-44C2-A726-D9186C8C9C81}.Debug|Any CPU.Build.0 = Debug|Any CPU
		{8945F4FA-DDC7-44C2-A726-D9186C8C9C81}.Debug|x64.ActiveCfg = Debug|Any CPU
		{8945F4FA-DDC7-44C2-A726-D9186C8C9C81}.Debug|x64.Build.0 = Debug|Any CPU
		{8945F4FA-DDC7-44C2-A726-D9186C8C9C81}.Debug|x86.ActiveCfg = Debug|Any CPU
		{8945F4FA-DDC7-44C2-A726-D9186C8C9C81}.Debug|x86.Build.0 = Debug|Any CPU
		{8945F4FA-DDC7-44C2-A726-D9186C8C9C81}.Release|Any CPU.ActiveCfg = Release|Any CPU
		{8945F4FA-DDC7-44C2-A726-D9186C8C9C81}.Release|Any CPU.Build.0 = Release|Any CPU
		{8945F4FA-DDC7-44C2-A726-D9186C8C9C81}.Release|x64.ActiveCfg = Release|Any CPU
		{8945F4FA-DDC7-44C2-A726-D9186C8C9C81}.Release|x64.Build.0 = Release|Any CPU
		{8945F4FA-DDC7-44C2-A726-D9186C8C9C81}.Release|x86.ActiveCfg = Release|Any CPU
		{8945F4FA-DDC7-44C2-A726-D9186C8C9C81}.Release|x86.Build.0 = Release|Any CPU
		{E65D38DB-1FC5-4508-8CDB-F088120D3596}.Debug|Any CPU.ActiveCfg = Debug|Any CPU
		{E65D38DB-1FC5-4508-8CDB-F088120D3596}.Debug|Any CPU.Build.0 = Debug|Any CPU
		{E65D38DB-1FC5-4508-8CDB-F088120D3596}.Debug|x64.ActiveCfg = Debug|Any CPU
		{E65D38DB-1FC5-4508-8CDB-F088120D3596}.Debug|x64.Build.0 = Debug|Any CPU
		{E65D38DB-1FC5-4508-8CDB-F088120D3596}.Debug|x86.ActiveCfg = Debug|Any CPU
		{E65D38DB-1FC5-4508-8CDB-F088120D3596}.Debug|x86.Build.0 = Debug|Any CPU
		{E65D38DB-1FC5-4508-8CDB-F088120D3596}.Release|Any CPU.ActiveCfg = Release|Any CPU
		{E65D38DB-1FC5-4508-8CDB-F088120D3596}.Release|Any CPU.Build.0 = Release|Any CPU
		{E65D38DB-1FC5-4508-8CDB-F088120D3596}.Release|x64.ActiveCfg = Release|Any CPU
		{E65D38DB-1FC5-4508-8CDB-F088120D3596}.Release|x64.Build.0 = Release|Any CPU
		{E65D38DB-1FC5-4508-8CDB-F088120D3596}.Release|x86.ActiveCfg = Release|Any CPU
		{E65D38DB-1FC5-4508-8CDB-F088120D3596}.Release|x86.Build.0 = Release|Any CPU
		{082DDDEA-CF3D-4130-906D-B76241E27630}.Debug|Any CPU.ActiveCfg = Debug|Any CPU
		{082DDDEA-CF3D-4130-906D-B76241E27630}.Debug|Any CPU.Build.0 = Debug|Any CPU
		{082DDDEA-CF3D-4130-906D-B76241E27630}.Debug|x64.ActiveCfg = Debug|Any CPU
		{082DDDEA-CF3D-4130-906D-B76241E27630}.Debug|x64.Build.0 = Debug|Any CPU
		{082DDDEA-CF3D-4130-906D-B76241E27630}.Debug|x86.ActiveCfg = Debug|Any CPU
		{082DDDEA-CF3D-4130-906D-B76241E27630}.Debug|x86.Build.0 = Debug|Any CPU
		{082DDDEA-CF3D-4130-906D-B76241E27630}.Release|Any CPU.ActiveCfg = Release|Any CPU
		{082DDDEA-CF3D-4130-906D-B76241E27630}.Release|Any CPU.Build.0 = Release|Any CPU
		{082DDDEA-CF3D-4130-906D-B76241E27630}.Release|x64.ActiveCfg = Release|Any CPU
		{082DDDEA-CF3D-4130-906D-B76241E27630}.Release|x64.Build.0 = Release|Any CPU
		{082DDDEA-CF3D-4130-906D-B76241E27630}.Release|x86.ActiveCfg = Release|Any CPU
		{082DDDEA-CF3D-4130-906D-B76241E27630}.Release|x86.Build.0 = Release|Any CPU
		{C08F92CE-73CB-4E27-82F7-1A1CFAD42D3C}.Debug|Any CPU.ActiveCfg = Debug|Any CPU
		{C08F92CE-73CB-4E27-82F7-1A1CFAD42D3C}.Debug|Any CPU.Build.0 = Debug|Any CPU
		{C08F92CE-73CB-4E27-82F7-1A1CFAD42D3C}.Debug|x64.ActiveCfg = Debug|Any CPU
		{C08F92CE-73CB-4E27-82F7-1A1CFAD42D3C}.Debug|x64.Build.0 = Debug|Any CPU
		{C08F92CE-73CB-4E27-82F7-1A1CFAD42D3C}.Debug|x86.ActiveCfg = Debug|Any CPU
		{C08F92CE-73CB-4E27-82F7-1A1CFAD42D3C}.Debug|x86.Build.0 = Debug|Any CPU
		{C08F92CE-73CB-4E27-82F7-1A1CFAD42D3C}.Release|Any CPU.ActiveCfg = Release|Any CPU
		{C08F92CE-73CB-4E27-82F7-1A1CFAD42D3C}.Release|Any CPU.Build.0 = Release|Any CPU
		{C08F92CE-73CB-4E27-82F7-1A1CFAD42D3C}.Release|x64.ActiveCfg = Release|Any CPU
		{C08F92CE-73CB-4E27-82F7-1A1CFAD42D3C}.Release|x64.Build.0 = Release|Any CPU
		{C08F92CE-73CB-4E27-82F7-1A1CFAD42D3C}.Release|x86.ActiveCfg = Release|Any CPU
		{C08F92CE-73CB-4E27-82F7-1A1CFAD42D3C}.Release|x86.Build.0 = Release|Any CPU
	EndGlobalSection
	GlobalSection(SolutionProperties) = preSolution
		HideSolutionNode = FALSE
	EndGlobalSection
	GlobalSection(NestedProjects) = preSolution
		{B8DF59FE-1BD7-4C26-96B6-DF8C2EE36B20} = {827E0CD3-B72D-47B6-A68D-7590B98EB39B}
		{8FC887D0-2BE3-4CF3-AB6B-F846D20ED3E9} = {827E0CD3-B72D-47B6-A68D-7590B98EB39B}
		{5E24062F-E804-4339-A05B-4CD8E46293D9} = {827E0CD3-B72D-47B6-A68D-7590B98EB39B}
		{8945F4FA-DDC7-44C2-A726-D9186C8C9C81} = {0AB3BF05-4346-4AA6-1389-037BE0695223}
		{E65D38DB-1FC5-4508-8CDB-F088120D3596} = {0AB3BF05-4346-4AA6-1389-037BE0695223}
		{082DDDEA-CF3D-4130-906D-B76241E27630} = {0AB3BF05-4346-4AA6-1389-037BE0695223}
		{C08F92CE-73CB-4E27-82F7-1A1CFAD42D3C} = {0AB3BF05-4346-4AA6-1389-037BE0695223}
	EndGlobalSection
EndGlobal
